<?xml version="1.0" encoding="utf-8"?>
<Project ToolsVersion="4.0" xmlns="http://schemas.microsoft.com/developer/msbuild/2003">
  <ItemGroup>
    <Filter Include="Utility">
      <UniqueIdentifier>{93995380-89BD-4b04-88EB-625FBE52EBFB}</UniqueIdentifier>
      <Extensions>h;hh;hpp;hxx;hm;inl;inc;xsd</Extensions>
    </Filter>
    <Filter Include="Utility\Ext">
      <UniqueIdentifier>{47262769-ec3f-4ed9-94fe-df50e4f44dd9}</UniqueIdentifier>
    </Filter>
    <Filter Include="Utility\TMP">
      <UniqueIdentifier>{6eecafbc-75b0-49f6-a10b-275f6ed11691}</UniqueIdentifier>
    </Filter>
    <Filter Include="Memory">
      <UniqueIdentifier>{d8bfedb0-be9d-4502-85a5-3d0e0a3ec472}</UniqueIdentifier>
    </Filter>
    <Filter Include="Memory\NedMalloc">
      <UniqueIdentifier>{6306cdd5-4af1-4c61-b1fc-c18fb3e1148b}</UniqueIdentifier>
    </Filter>
  </ItemGroup>
  <ItemGroup>
    <ClInclude Include="src\Singleton.hpp">
      <Filter>Utility</Filter>
    </ClInclude>
    <ClInclude Include="src\Ext\Erase.hpp">
      <Filter>Utility\Ext</Filter>
    </ClInclude>
    <ClInclude Include="src\TMP\PowerOf2.hpp">
      <Filter>Utility\TMP</Filter>
    </ClInclude>
    <ClInclude Include="src\TMP\VariadicContains.hpp">
      <Filter>Utility\TMP</Filter>
    </ClInclude>
    <ClInclude Include="src\StringHash.hpp">
      <Filter>Utility</Filter>
    </ClInclude>
    <ClInclude Include="src\StringHashAlgorithm.hpp">
      <Filter>Utility</Filter>
    </ClInclude>
    <ClInclude Include="src\NullMutex.hpp">
      <Filter>Utility</Filter>
    </ClInclude>
    <ClInclude Include="src\Memory\Mallocator.hpp">
      <Filter>Memory</Filter>
    </ClInclude>
    <ClInclude Include="src\Memory\AlignedMallocator.hpp">
      <Filter>Memory</Filter>
    </ClInclude>
    <ClInclude Include="src\Memory\MemoryBlock.hpp">
      <Filter>Memory</Filter>
    </ClInclude>
    <ClInclude Include="src\Memory\NedMalloc\malloc.c.h">
      <Filter>Memory\NedMalloc</Filter>
    </ClInclude>
    <ClInclude Include="src\Memory\NedMalloc\nedmalloc.h">
      <Filter>Memory\NedMalloc</Filter>
    </ClInclude>
    <ClInclude Include="src\Memory\AllocatorHelpers.hpp">
      <Filter>Memory</Filter>
    </ClInclude>
    <ClInclude Include="src\Memory\AllocatorTraits.hpp">
      <Filter>Memory</Filter>
    </ClInclude>
    <ClInclude Include="src\Memory\AlignedStackAllocator.hpp">
      <Filter>Memory</Filter>
    </ClInclude>
    <ClInclude Include="src\Memory\StackAllocator.hpp">
      <Filter>Memory</Filter>
    </ClInclude>
    <ClInclude Include="src\Memory\NullAllocator.hpp">
      <Filter>Memory</Filter>
    </ClInclude>
    <ClInclude Include="src\Memory\NedAllocator.hpp">
      <Filter>Memory</Filter>
    </ClInclude>
    <ClInclude Include="src\Memory\AlignedNedAllocator.hpp">
      <Filter>Memory</Filter>
    </ClInclude>
  </ItemGroup>
  <ItemGroup>
    <ClCompile Include="src\Memory\AlignedMallocator.cpp">
      <Filter>Memory</Filter>
    </ClCompile>
    <ClCompile Include="src\Memory\Mallocator.cpp">
      <Filter>Memory</Filter>
    </ClCompile>
    <ClCompile Include="src\Memory\NedMalloc\nedmalloc.c">
      <Filter>Memory\NedMalloc</Filter>
    </ClCompile>
    <ClCompile Include="src\Memory\NullAllocator.cpp">
      <Filter>Memory</Filter>
    </ClCompile>
    <ClCompile Include="src\Memory\NedAllocator.cpp">
      <Filter>Memory</Filter>
    </ClCompile>
    <ClCompile Include="src\Memory\AlignedNedAllocator.cpp">
      <Filter>Memory</Filter>
    </ClCompile>
  </ItemGroup>
</Project>