<?xml version="1.0" encoding="utf-8"?>
<Project ToolsVersion="4.0" xmlns="http://schemas.microsoft.com/developer/msbuild/2003">
  <ItemGroup>
    <Filter Include="Utility">
      <UniqueIdentifier>{93995380-89BD-4b04-88EB-625FBE52EBFB}</UniqueIdentifier>
      <Extensions>h;hh;hpp;hxx;hm;inl;inc;xsd</Extensions>
    </Filter>
    <Filter Include="Utility\Ext">
      <UniqueIdentifier>{47262769-ec3f-4ed9-94fe-df50e4f44dd9}</UniqueIdentifier>
    </Filter>
    <Filter Include="Utility\TMP">
      <UniqueIdentifier>{6eecafbc-75b0-49f6-a10b-275f6ed11691}</UniqueIdentifier>
    </Filter>
    <Filter Include="Memory">
      <UniqueIdentifier>{d8bfedb0-be9d-4502-85a5-3d0e0a3ec472}</UniqueIdentifier>
    </Filter>
    <Filter Include="Memory\Allocators - Simple">
      <UniqueIdentifier>{f5dfb3aa-ab7a-4b41-be00-8583ad369fa9}</UniqueIdentifier>
    </Filter>
    <Filter Include="Memory\Allocators - Behavioral">
      <UniqueIdentifier>{75099f91-059e-4bc3-8289-e189273d4586}</UniqueIdentifier>
    </Filter>
    <Filter Include="Memory\Allocators - Complex">
      <UniqueIdentifier>{525ed8c4-61c2-4e34-a536-04b37e5021af}</UniqueIdentifier>
    </Filter>
    <Filter Include="Memory\detail">
      <UniqueIdentifier>{91dcf5ca-27ea-480d-ab7b-4a99d54f4e5d}</UniqueIdentifier>
    </Filter>
    <Filter Include="STL">
      <UniqueIdentifier>{8e8cfefe-fc1b-41e3-9fa9-70bc45a55cc9}</UniqueIdentifier>
    </Filter>
    <Filter Include="detail">
      <UniqueIdentifier>{a2497ab7-a614-472f-87bd-eb400c31db6b}</UniqueIdentifier>
    </Filter>
    <Filter Include="Utility\EON">
      <UniqueIdentifier>{84601a4c-a12d-447a-a463-b2c0e1372e18}</UniqueIdentifier>
    </Filter>
    <Filter Include="Utility\EON\detail">
      <UniqueIdentifier>{5579b32b-784f-4af0-a23b-1d4d6288c11f}</UniqueIdentifier>
    </Filter>
    <Filter Include="Math">
      <UniqueIdentifier>{3b31b01f-1d92-438b-a487-23e7ceac3bb4}</UniqueIdentifier>
    </Filter>
    <Filter Include="Math\detail">
      <UniqueIdentifier>{11ab25d8-4cfb-4c86-96fb-aa0204abbdb4}</UniqueIdentifier>
    </Filter>
    <Filter Include="Core">
      <UniqueIdentifier>{075780f6-326f-4137-87a9-cebb0338c151}</UniqueIdentifier>
    </Filter>
    <Filter Include="Core\detail">
      <UniqueIdentifier>{594e0832-119f-4fb7-8062-90b668a77d4b}</UniqueIdentifier>
    </Filter>
    <Filter Include="Core\GLFW">
      <UniqueIdentifier>{6802ce12-02ac-49b4-9b20-4aebfd5d00b0}</UniqueIdentifier>
    </Filter>
    <Filter Include="Core\GLFW\detail">
      <UniqueIdentifier>{5cb140c9-0388-4eaa-9cf3-7c82e351fafb}</UniqueIdentifier>
    </Filter>
    <Filter Include="Core\Input">
      <UniqueIdentifier>{74e5eb65-f3d4-4d6d-b514-8d682e032de3}</UniqueIdentifier>
    </Filter>
    <Filter Include="Core\Input\Resolvers">
      <UniqueIdentifier>{65f3a9d1-9ae6-42f6-893a-242e28b82ef8}</UniqueIdentifier>
    </Filter>
    <Filter Include="Core\Input\Devices">
      <UniqueIdentifier>{cc4b907e-0e09-43e0-9a4b-f12831fd16ca}</UniqueIdentifier>
    </Filter>
  </ItemGroup>
  <ItemGroup>
    <ClInclude Include="src\Singleton.hpp">
      <Filter>Utility</Filter>
    </ClInclude>
    <ClInclude Include="src\Ext\Erase.hpp">
      <Filter>Utility\Ext</Filter>
    </ClInclude>
    <ClInclude Include="src\TMP\PowerOf2.hpp">
      <Filter>Utility\TMP</Filter>
    </ClInclude>
    <ClInclude Include="src\TMP\VariadicContains.hpp">
      <Filter>Utility\TMP</Filter>
    </ClInclude>
    <ClInclude Include="src\StringHash.hpp">
      <Filter>Utility</Filter>
    </ClInclude>
    <ClInclude Include="src\StringHashAlgorithm.hpp">
      <Filter>Utility</Filter>
    </ClInclude>
    <ClInclude Include="src\NullMutex.hpp">
      <Filter>Utility</Filter>
    </ClInclude>
    <ClInclude Include="src\Memory\MemoryBlock.hpp">
      <Filter>Memory</Filter>
    </ClInclude>
    <ClInclude Include="src\Memory\NullAllocator.hpp">
      <Filter>Memory\Allocators - Simple</Filter>
    </ClInclude>
    <ClInclude Include="src\Memory\Mallocator.hpp">
      <Filter>Memory\Allocators - Simple</Filter>
    </ClInclude>
    <ClInclude Include="src\Memory\StackAllocator.hpp">
      <Filter>Memory\Allocators - Simple</Filter>
    </ClInclude>
    <ClInclude Include="src\Memory\AlignedMallocator.hpp">
      <Filter>Memory\Allocators - Simple</Filter>
    </ClInclude>
    <ClInclude Include="src\Memory\AlignedStackAllocator.hpp">
      <Filter>Memory\Allocators - Simple</Filter>
    </ClInclude>
    <ClInclude Include="src\Memory\FallbackAllocator.hpp">
      <Filter>Memory\Allocators - Behavioral</Filter>
    </ClInclude>
    <ClInclude Include="src\Memory\AlignmentAllocator.hpp">
      <Filter>Memory\Allocators - Behavioral</Filter>
    </ClInclude>
    <ClInclude Include="src\Memory\FreelistAllocator.hpp">
      <Filter>Memory\Allocators - Complex</Filter>
    </ClInclude>
    <ClInclude Include="src\Memory\SegregatorAllocator.hpp">
      <Filter>Memory\Allocators - Behavioral</Filter>
    </ClInclude>
    <ClInclude Include="src\Memory\LinearSegregatorAllocator.hpp">
      <Filter>Memory\Allocators - Behavioral</Filter>
    </ClInclude>
    <ClInclude Include="src\Memory\SegregatorBucket.hpp">
      <Filter>Memory</Filter>
    </ClInclude>
    <ClInclude Include="src\TMP\List.hpp">
      <Filter>Utility\TMP</Filter>
    </ClInclude>
    <ClInclude Include="src\TMP\Utility.hpp">
      <Filter>Utility\TMP</Filter>
    </ClInclude>
    <ClInclude Include="src\Memory\BinarySegregatorAllocator.hpp">
      <Filter>Memory\Allocators - Behavioral</Filter>
    </ClInclude>
    <ClInclude Include="src\Memory\AffixAllocator.hpp">
      <Filter>Memory\Allocators - Complex</Filter>
    </ClInclude>
    <ClInclude Include="src\Memory\detail\AllocatorHelpers.hpp">
      <Filter>Memory\detail</Filter>
    </ClInclude>
    <ClInclude Include="src\Memory\detail\AllocatorTraits.hpp">
      <Filter>Memory\detail</Filter>
    </ClInclude>
    <ClInclude Include="src\Memory\PatternGuard.hpp">
      <Filter>Memory</Filter>
    </ClInclude>
    <ClInclude Include="src\Memory\CorruptionGuardedAllocator.hpp">
      <Filter>Memory\Allocators - Complex</Filter>
    </ClInclude>
    <ClInclude Include="src\Memory\CascadingAllocator.hpp">
      <Filter>Memory\Allocators - Complex</Filter>
    </ClInclude>
    <ClInclude Include="src\Memory\GlobalAllocator.hpp">
      <Filter>Memory\Allocators - Behavioral</Filter>
    </ClInclude>
    <ClInclude Include="src\Memory\detail\AffixHelpers.hpp">
      <Filter>Memory\detail</Filter>
    </ClInclude>
    <ClInclude Include="src\Memory\HeapAllocator.hpp">
      <Filter>Memory\Allocators - Complex</Filter>
    </ClInclude>
    <ClInclude Include="src\Memory\detail\HeapHelpers.hpp">
      <Filter>Memory\detail</Filter>
    </ClInclude>
    <ClInclude Include="src\Memory\detail\GlobalHelpers.hpp">
      <Filter>Memory\detail</Filter>
    </ClInclude>
    <ClInclude Include="src\Memory\ForceAlignAllocator.hpp">
      <Filter>Memory\Allocators - Complex</Filter>
    </ClInclude>
    <ClInclude Include="src\Memory\detail\ForceAlignHelpers.hpp">
      <Filter>Memory\detail</Filter>
    </ClInclude>
    <ClInclude Include="src\STL\Allocator.hpp">
      <Filter>STL</Filter>
    </ClInclude>
    <ClInclude Include="src\STL\ForwardList.hpp">
      <Filter>STL</Filter>
    </ClInclude>
    <ClInclude Include="src\STL\List.hpp">
      <Filter>STL</Filter>
    </ClInclude>
    <ClInclude Include="src\STL\Vector.hpp">
      <Filter>STL</Filter>
    </ClInclude>
    <ClInclude Include="src\STL\Deque.hpp">
      <Filter>STL</Filter>
    </ClInclude>
    <ClInclude Include="src\STL\Queue.hpp">
      <Filter>STL</Filter>
    </ClInclude>
    <ClInclude Include="src\STL\Stack.hpp">
      <Filter>STL</Filter>
    </ClInclude>
    <ClInclude Include="src\STL\Map.hpp">
      <Filter>STL</Filter>
    </ClInclude>
    <ClInclude Include="src\STL\Set.hpp">
      <Filter>STL</Filter>
    </ClInclude>
    <ClInclude Include="src\STL\String.hpp">
      <Filter>STL</Filter>
    </ClInclude>
    <ClInclude Include="src\STL\SStream.hpp">
      <Filter>STL</Filter>
    </ClInclude>
    <ClInclude Include="src\STL\SharedPtr.hpp">
      <Filter>STL</Filter>
    </ClInclude>
    <ClInclude Include="src\STL\UniquePtr.hpp">
      <Filter>STL</Filter>
    </ClInclude>
    <ClInclude Include="src\detail\ReadConfig.hpp">
      <Filter>detail</Filter>
    </ClInclude>
    <ClInclude Include="src\Memory\Default.hpp">
      <Filter>Memory</Filter>
    </ClInclude>
    <ClInclude Include="src\Memory\CustomNew.hpp">
      <Filter>Memory</Filter>
    </ClInclude>
    <ClInclude Include="src\Config.hpp" />
    <ClInclude Include="src\NullAtomic.hpp">
      <Filter>Utility</Filter>
    </ClInclude>
    <ClInclude Include="src\TMP\TypeTraits.hpp">
      <Filter>Utility\TMP</Filter>
    </ClInclude>
    <ClInclude Include="src\AutoMap.hpp">
      <Filter>Utility</Filter>
    </ClInclude>
    <ClInclude Include="src\AutoList.hpp">
      <Filter>Utility</Filter>
    </ClInclude>
    <ClInclude Include="src\EON\Types.hpp">
      <Filter>Utility\EON</Filter>
    </ClInclude>
    <ClInclude Include="src\EON\Grammar.hpp">
      <Filter>Utility\EON</Filter>
    </ClInclude>
    <ClInclude Include="src\EON\Bin.hpp">
      <Filter>Utility\EON</Filter>
    </ClInclude>
    <ClInclude Include="src\EON\Convert.hpp">
      <Filter>Utility\EON</Filter>
    </ClInclude>
    <ClInclude Include="src\EON\Bind.hpp">
      <Filter>Utility\EON</Filter>
    </ClInclude>
    <ClInclude Include="src\EON\detail\Assign.hpp">
      <Filter>Utility\EON\detail</Filter>
    </ClInclude>
    <ClInclude Include="src\EON\detail\Utility.hpp">
      <Filter>Utility\EON\detail</Filter>
    </ClInclude>
    <ClInclude Include="src\EON\Selector.hpp">
      <Filter>Utility\EON</Filter>
    </ClInclude>
    <ClInclude Include="src\EON\Extractor.hpp">
      <Filter>Utility\EON</Filter>
    </ClInclude>
    <ClInclude Include="src\TMP\Sequence.hpp">
      <Filter>Utility\TMP</Filter>
    </ClInclude>
    <ClInclude Include="src\Math\detail\VectorFwd.hpp">
      <Filter>Math\detail</Filter>
    </ClInclude>
    <ClInclude Include="src\Math\Vector.hpp">
      <Filter>Math</Filter>
    </ClInclude>
    <ClInclude Include="src\Math\VectorSwizzler.hpp">
      <Filter>Math</Filter>
    </ClInclude>
    <ClInclude Include="src\Math\detail\VectorSwizzlerFwd.hpp">
      <Filter>Math\detail</Filter>
    </ClInclude>
    <ClInclude Include="src\Math\detail\VectorHelpers.hpp">
      <Filter>Math\detail</Filter>
    </ClInclude>
    <ClInclude Include="src\Math\Algorithm.hpp">
      <Filter>Math</Filter>
    </ClInclude>
    <ClInclude Include="src\Math\Matrix.hpp">
      <Filter>Math</Filter>
    </ClInclude>
    <ClInclude Include="src\Math\Angle.hpp">
      <Filter>Math</Filter>
    </ClInclude>
    <ClInclude Include="src\Math\detail\VectorBase.hpp">
      <Filter>Math\detail</Filter>
    </ClInclude>
    <ClInclude Include="src\Math\detail\MatrixBase.hpp">
      <Filter>Math\detail</Filter>
    </ClInclude>
    <ClInclude Include="src\Math\detail\MatrixFwd.hpp">
      <Filter>Math\detail</Filter>
    </ClInclude>
    <ClInclude Include="src\Math\Constants.hpp">
      <Filter>Math</Filter>
    </ClInclude>
    <ClInclude Include="src\Math\detail\QuaternionBase.hpp">
      <Filter>Math\detail</Filter>
    </ClInclude>
    <ClInclude Include="src\Math\detail\QuaternionFwd.hpp">
      <Filter>Math\detail</Filter>
    </ClInclude>
    <ClInclude Include="src\Math\Quaternion.hpp">
      <Filter>Math</Filter>
    </ClInclude>
    <ClInclude Include="src\Math\detail\MathHelpers.hpp">
      <Filter>Math\detail</Filter>
    </ClInclude>
    <ClInclude Include="src\AppGuard.hpp">
      <Filter>Utility</Filter>
    </ClInclude>
    <ClInclude Include="src\Clock.hpp">
      <Filter>Core</Filter>
    </ClInclude>
    <ClInclude Include="src\CPUInfo.h">
      <Filter>Core</Filter>
    </ClInclude>
    <ClInclude Include="src\Event.hpp">
      <Filter>Core</Filter>
    </ClInclude>
    <ClInclude Include="src\OS.h">
      <Filter>Core</Filter>
    </ClInclude>
    <ClInclude Include="src\Specs.hpp">
      <Filter>Core</Filter>
    </ClInclude>
    <ClInclude Include="src\Timer.hpp">
      <Filter>Core</Filter>
    </ClInclude>
    <ClInclude Include="src\Vertex.hpp">
      <Filter>Core</Filter>
    </ClInclude>
    <ClInclude Include="src\VertexComponent.hpp">
      <Filter>Core</Filter>
    </ClInclude>
    <ClInclude Include="src\Window.hpp">
      <Filter>Core</Filter>
    </ClInclude>
    <ClInclude Include="src\GLFWContextTypes.hpp">
      <Filter>Core\GLFW</Filter>
    </ClInclude>
    <ClInclude Include="src\GLFWWindow.hpp">
      <Filter>Core\GLFW</Filter>
    </ClInclude>
    <ClInclude Include="src\detail\VertexColor.hpp">
      <Filter>Core\detail</Filter>
    </ClInclude>
    <ClInclude Include="src\detail\VertexNormal.hpp">
      <Filter>Core\detail</Filter>
    </ClInclude>
    <ClInclude Include="src\detail\VertexPosition.hpp">
      <Filter>Core\detail</Filter>
    </ClInclude>
    <ClInclude Include="src\detail\VertexTexture.hpp">
      <Filter>Core\detail</Filter>
    </ClInclude>
    <ClInclude Include="src\detail\WindowTypes.hpp">
      <Filter>Core\detail</Filter>
    </ClInclude>
    <ClInclude Include="src\detail\GLFWInclude.h">
      <Filter>Core\GLFW\detail</Filter>
    </ClInclude>
    <ClInclude Include="src\detail\GLFW.hpp">
      <Filter>Core\GLFW\detail</Filter>
    </ClInclude>
    <ClInclude Include="src\InputData.hpp">
      <Filter>Core\Input</Filter>
    </ClInclude>
    <ClInclude Include="src\InputDevice.hpp">
      <Filter>Core\Input</Filter>
    </ClInclude>
    <ClInclude Include="src\InputContext.hpp">
      <Filter>Core\Input</Filter>
    </ClInclude>
    <ClInclude Include="src\InputAction.hpp">
      <Filter>Core\Input</Filter>
    </ClInclude>
    <ClInclude Include="src\InputResolver.hpp">
      <Filter>Core\Input</Filter>
    </ClInclude>
    <ClInclude Include="src\InputDeviceManager.hpp">
      <Filter>Core\Input</Filter>
    </ClInclude>
    <ClInclude Include="src\InputSystem.hpp">
      <Filter>Core\Input</Filter>
    </ClInclude>
    <ClInclude Include="src\GLFWMouseInputDevice.hpp">
      <Filter>Core\Input\Devices</Filter>
    </ClInclude>
    <ClInclude Include="src\ButtonResolver.hpp">
      <Filter>Core\Input\Resolvers</Filter>
    </ClInclude>
    <ClInclude Include="src\DeviceResolver.hpp">
      <Filter>Core\Input\Resolvers</Filter>
    </ClInclude>
    <ClInclude Include="src\Axis1DResolver.hpp">
      <Filter>Core\Input\Resolvers</Filter>
    </ClInclude>
    <ClInclude Include="src\Axis2DResolver.hpp">
      <Filter>Core\Input\Resolvers</Filter>
    </ClInclude>
    <ClInclude Include="src\GLFWKeyboardInputDevice.hpp">
      <Filter>Core\Input\Devices</Filter>
    </ClInclude>
    <ClInclude Include="src\TextResolver.hpp">
      <Filter>Core\Input\Resolvers</Filter>
    </ClInclude>
    <ClInclude Include="src\AlphaResolver.hpp">
      <Filter>Core\Input\Resolvers</Filter>
    </ClInclude>
    <ClInclude Include="src\AlphaNumResolver.hpp">
      <Filter>Core\Input\Resolvers</Filter>
    </ClInclude>
    <ClInclude Include="src\NumericalResolver.hpp">
      <Filter>Core\Input\Resolvers</Filter>
    </ClInclude>
    <ClInclude Include="src\HexResolver.hpp">
      <Filter>Core\Input\Resolvers</Filter>
    </ClInclude>
    <ClInclude Include="src\GLFWJoystickInputDevice.hpp">
      <Filter>Core\Input\Devices</Filter>
    </ClInclude>
    <ClInclude Include="src\Axis3DResolver.hpp">
      <Filter>Core\Input\Resolvers</Filter>
    </ClInclude>
  </ItemGroup>
  <ItemGroup>
    <ClCompile Include="src\Memory\NullAllocator.cpp">
      <Filter>Memory\Allocators - Simple</Filter>
    </ClCompile>
    <ClCompile Include="src\Memory\Mallocator.cpp">
      <Filter>Memory\Allocators - Simple</Filter>
    </ClCompile>
    <ClCompile Include="src\Memory\AlignedMallocator.cpp">
      <Filter>Memory\Allocators - Simple</Filter>
    </ClCompile>
    <ClCompile Include="src\Clock.cpp">
      <Filter>Core</Filter>
    </ClCompile>
    <ClCompile Include="src\InputSystem.cpp">
      <Filter>Core\Input</Filter>
    </ClCompile>
  </ItemGroup>
</Project>